
Microsoft Visual Studio Solution File, Format Version 12.00
# Visual Studio Version 17
VisualStudioVersion = 17.6.33723.286
MinimumVisualStudioVersion = 10.0.40219.1
Project("{FAE04EC0-301F-11D3-BF4B-00C04F79EFBC}") = "_02_move_control", "_02_move_control\_02_move_control.csproj", "{EDF41EA5-9A5A-4742-B4EC-1726A2EDA08D}"
EndProject
Global
	GlobalSection(SolutionConfigurationPlatforms) = preSolution
		Debug|Any CPU = Debug|Any CPU
		Release|Any CPU = Release|Any CPU
	EndGlobalSection
	GlobalSection(ProjectConfigurationPlatforms) = postSolution
		{EDF41EA5-9A5A-4742-B4EC-1726A2EDA08D}.Debug|Any CPU.ActiveCfg = Debug|Any CPU
		{EDF41EA5-9A5A-4742-B4EC-1726A2EDA08D}.Debug|Any CPU.Build.0 = Debug|Any CPU
		{EDF41EA5-9A5A-4742-B4EC-1726A2EDA08D}.Release|Any CPU.ActiveCfg = Release|Any CPU
		{EDF41EA5-9A5A-4742-B4EC-1726A2EDA08D}.Release|Any CPU.Build.0 = Release|Any CPU
	EndGlobalSection
	GlobalSection(SolutionProperties) = preSolution
		HideSolutionNode = FALSE
	EndGlobalSection
	GlobalSection(ExtensibilityGlobals) = postSolution
		SolutionGuid = {6133F79E-8189-48D9-B897-9D85A7EB5066}
	EndGlobalSection
EndGlobal
