
Microsoft Visual Studio Solution File, Format Version 12.00
# Visual Studio Version 17
VisualStudioVersion = 17.0.31903.59
MinimumVisualStudioVersion = 10.0.40219.1
Project("{9A19103F-16F7-4668-BE54-9A1E7A4F7556}") = "EnkuToolkit.Wpf", "EnkuToolkit.Wpf\EnkuToolkit.Wpf.csproj", "{779BCCBA-36C4-4156-A062-2CFE808C3233}"
EndProject
Project("{9A19103F-16F7-4668-BE54-9A1E7A4F7556}") = "EnkuToolkit.Wpf.Demo", "EnkuToolkit.Wpf.Demo\EnkuToolkit.Wpf.Demo.csproj", "{3CD4C886-A2FC-4F97-B5DC-1E75293DE3B5}"
EndProject
Global
	GlobalSection(SolutionConfigurationPlatforms) = preSolution
		Debug|Any CPU = Debug|Any CPU
		Release|Any CPU = Release|Any CPU
	EndGlobalSection
	GlobalSection(ProjectConfigurationPlatforms) = postSolution
		{779BCCBA-36C4-4156-A062-2CFE808C3233}.Debug|Any CPU.ActiveCfg = Debug|Any CPU
		{779BCCBA-36C4-4156-A062-2CFE808C3233}.Debug|Any CPU.Build.0 = Debug|Any CPU
		{779BCCBA-36C4-4156-A062-2CFE808C3233}.Release|Any CPU.ActiveCfg = Release|Any CPU
		{779BCCBA-36C4-4156-A062-2CFE808C3233}.Release|Any CPU.Build.0 = Release|Any CPU
		{3CD4C886-A2FC-4F97-B5DC-1E75293DE3B5}.Debug|Any CPU.ActiveCfg = Debug|Any CPU
		{3CD4C886-A2FC-4F97-B5DC-1E75293DE3B5}.Debug|Any CPU.Build.0 = Debug|Any CPU
		{3CD4C886-A2FC-4F97-B5DC-1E75293DE3B5}.Release|Any CPU.ActiveCfg = Release|Any CPU
		{3CD4C886-A2FC-4F97-B5DC-1E75293DE3B5}.Release|Any CPU.Build.0 = Release|Any CPU
	EndGlobalSection
	GlobalSection(SolutionProperties) = preSolution
		HideSolutionNode = FALSE
	EndGlobalSection
	GlobalSection(ExtensibilityGlobals) = postSolution
		SolutionGuid = {1EFA6FF1-CD8B-45B7-A31E-68DDF3B46A43}
	EndGlobalSection
EndGlobal
